// !$*UTF8*$!
{
	archiveVersion = 1;
	classes = {
	};
	objectVersion = 46;
	objects = {

/* Begin PBXBuildFile section */
		AC6385011A3E827200632173 /* main.m in Sources */ = {isa = PBXBuildFile; fileRef = AC6385001A3E827200632173 /* main.m */; };
		AC6385041A3E827200632173 /* AppDelegate.m in Sources */ = {isa = PBXBuildFile; fileRef = AC6385031A3E827200632173 /* AppDelegate.m */; };
		AC63850F1A3E827200632173 /* Images.xcassets in Resources */ = {isa = PBXBuildFile; fileRef = AC63850E1A3E827200632173 /* Images.xcassets */; };
		AC63851E1A3E827200632173 /* CalculatorTests.m in Sources */ = {isa = PBXBuildFile; fileRef = AC63851D1A3E827200632173 /* CalculatorTests.m */; };
		AC6385291A3E9DB500632173 /* CalculatorViewController.m in Sources */ = {isa = PBXBuildFile; fileRef = AC6385281A3E9DB500632173 /* CalculatorViewController.m */; };
/* End PBXBuildFile section */

/* Begin PBXContainerItemProxy section */
		AC6385181A3E827200632173 /* PBXContainerItemProxy */ = {
			isa = PBXContainerItemProxy;
			containerPortal = AC6384F31A3E827200632173 /* Project object */;
			proxyType = 1;
			remoteGlobalIDString = AC6384FA1A3E827200632173;
			remoteInfo = Calculator;
		};
/* End PBXContainerItemProxy section */

/* Begin PBXFileReference section */
		AC6384FB1A3E827200632173 /* Calculator.app */ = {isa = PBXFileReference; explicitFileType = wrapper.application; includeInIndex = 0; path = Calculator.app; sourceTree = BUILT_PRODUCTS_DIR; };
		AC6384FF1A3E827200632173 /* Info.plist */ = {isa = PBXFileReference; lastKnownFileType = text.plist.xml; path = Info.plist; sourceTree = "<group>"; };
		AC6385001A3E827200632173 /* main.m */ = {isa = PBXFileReference; lastKnownFileType = sourcecode.c.objc; path = main.m; sourceTree = "<group>"; };
		AC6385021A3E827200632173 /* AppDelegate.h */ = {isa = PBXFileReference; lastKnownFileType = sourcecode.c.h; path = AppDelegate.h; sourceTree = "<group>"; };
		AC6385031A3E827200632173 /* AppDelegate.m */ = {isa = PBXFileReference; lastKnownFileType = sourcecode.c.objc; path = AppDelegate.m; sourceTree = "<group>"; };
		AC63850E1A3E827200632173 /* Images.xcassets */ = {isa = PBXFileReference; lastKnownFileType = folder.assetcatalog; path = Images.xcassets; sourceTree = "<group>"; };
		AC6385171A3E827200632173 /* CalculatorTests.xctest */ = {isa = PBXFileReference; explicitFileType = wrapper.cfbundle; includeInIndex = 0; path = CalculatorTests.xctest; sourceTree = BUILT_PRODUCTS_DIR; };
		AC63851C1A3E827200632173 /* Info.plist */ = {isa = PBXFileReference; lastKnownFileType = text.plist.xml; path = Info.plist; sourceTree = "<group>"; };
		AC63851D1A3E827200632173 /* CalculatorTests.m */ = {isa = PBXFileReference; lastKnownFileType = sourcecode.c.objc; path = CalculatorTests.m; sourceTree = "<group>"; };
		AC6385271A3E9DB500632173 /* CalculatorViewController.h */ = {isa = PBXFileReference; fileEncoding = 4; lastKnownFileType = sourcecode.c.h; path = CalculatorViewController.h; sourceTree = "<group>"; };
		AC6385281A3E9DB500632173 /* CalculatorViewController.m */ = {isa = PBXFileReference; fileEncoding = 4; lastKnownFileType = sourcecode.c.objc; path = CalculatorViewController.m; sourceTree = "<group>"; };
/* End PBXFileReference section */

/* Begin PBXFrameworksBuildPhase section */
		AC6384F81A3E827200632173 /* Frameworks */ = {
			isa = PBXFrameworksBuildPhase;
			buildActionMask = 2147483647;
			files = (
			);
			runOnlyForDeploymentPostprocessing = 0;
		};
		AC6385141A3E827200632173 /* Frameworks */ = {
			isa = PBXFrameworksBuildPhase;
			buildActionMask = 2147483647;
			files = (
			);
			runOnlyForDeploymentPostprocessing = 0;
		};
/* End PBXFrameworksBuildPhase section */

/* Begin PBXGroup section */
		AC6384F21A3E827200632173 = {
			isa = PBXGroup;
			children = (
				AC6384FD1A3E827200632173 /* Calculator */,
				AC63851A1A3E827200632173 /* CalculatorTests */,
				AC6384FC1A3E827200632173 /* Products */,
			);
			sourceTree = "<group>";
		};
		AC6384FC1A3E827200632173 /* Products */ = {
			isa = PBXGroup;
			children = (
				AC6384FB1A3E827200632173 /* Calculator.app */,
				AC6385171A3E827200632173 /* CalculatorTests.xctest */,
			);
			name = Products;
			sourceTree = "<group>";
		};
		AC6384FD1A3E827200632173 /* Calculator */ = {
			isa = PBXGroup;
			children = (
				AC6385021A3E827200632173 /* AppDelegate.h */,
				AC6385031A3E827200632173 /* AppDelegate.m */,
				AC6385271A3E9DB500632173 /* CalculatorViewController.h */,
				AC6385281A3E9DB500632173 /* CalculatorViewController.m */,
				AC63850E1A3E827200632173 /* Images.xcassets */,
				AC6384FE1A3E827200632173 /* Supporting Files */,
			);
			path = Calculator;
			sourceTree = "<group>";
		};
		AC6384FE1A3E827200632173 /* Supporting Files */ = {
			isa = PBXGroup;
			children = (
				AC6384FF1A3E827200632173 /* Info.plist */,
				AC6385001A3E827200632173 /* main.m */,
			);
			name = "Supporting Files";
			sourceTree = "<group>";
		};
		AC63851A1A3E827200632173 /* CalculatorTests */ = {
			isa = PBXGroup;
			children = (
				AC63851D1A3E827200632173 /* CalculatorTests.m */,
				AC63851B1A3E827200632173 /* Supporting Files */,
			);
			path = CalculatorTests;
			sourceTree = "<group>";
		};
		AC63851B1A3E827200632173 /* Supporting Files */ = {
			isa = PBXGroup;
			children = (
				AC63851C1A3E827200632173 /* Info.plist */,
			);
			name = "Supporting Files";
			sourceTree = "<group>";
		};
/* End PBXGroup section */

/* Begin PBXNativeTarget section */
		AC6384FA1A3E827200632173 /* Calculator */ = {
			isa = PBXNativeTarget;
			buildConfigurationList = AC6385211A3E827200632173 /* Build configuration list for PBXNativeTarget "Calculator" */;
			buildPhases = (
				AC6384F71A3E827200632173 /* Sources */,
				AC6384F81A3E827200632173 /* Frameworks */,
				AC6384F91A3E827200632173 /* Resources */,
			);
			buildRules = (
			);
			dependencies = (
			);
			name = Calculator;
			productName = Calculator;
			productReference = AC6384FB1A3E827200632173 /* Calculator.app */;
			productType = "com.apple.product-type.application";
		};
		AC6385161A3E827200632173 /* CalculatorTests */ = {
			isa = PBXNativeTarget;
			buildConfigurationList = AC6385241A3E827200632173 /* Build configuration list for PBXNativeTarget "CalculatorTests" */;
			buildPhases = (
				AC6385131A3E827200632173 /* Sources */,
				AC6385141A3E827200632173 /* Frameworks */,
				AC6385151A3E827200632173 /* Resources */,
			);
			buildRules = (
			);
			dependencies = (
				AC6385191A3E827200632173 /* PBXTargetDependency */,
			);
			name = CalculatorTests;
			productName = CalculatorTests;
			productReference = AC6385171A3E827200632173 /* CalculatorTests.xctest */;
			productType = "com.apple.product-type.bundle.unit-test";
		};
/* End PBXNativeTarget section */

/* Begin PBXProject section */
		AC6384F31A3E827200632173 /* Project object */ = {
			isa = PBXProject;
			attributes = {
				LastUpgradeCheck = 0610;
				ORGANIZATIONNAME = Shrek;
				TargetAttributes = {
					AC6384FA1A3E827200632173 = {
						CreatedOnToolsVersion = 6.1;
					};
					AC6385161A3E827200632173 = {
						CreatedOnToolsVersion = 6.1;
						TestTargetID = AC6384FA1A3E827200632173;
					};
				};
			};
			buildConfigurationList = AC6384F61A3E827200632173 /* Build configuration list for PBXProject "Calculator" */;
			compatibilityVersion = "Xcode 3.2";
			developmentRegion = English;
			hasScannedForEncodings = 0;
			knownRegions = (
				en,
				Base,
			);
			mainGroup = AC6384F21A3E827200632173;
			productRefGroup = AC6384FC1A3E827200632173 /* Products */;
			projectDirPath = "";
			projectRoot = "";
			targets = (
				AC6384FA1A3E827200632173 /* Calculator */,
				AC6385161A3E827200632173 /* CalculatorTests */,
			);
		};
/* End PBXProject section */

/* Begin PBXResourcesBuildPhase section */
		AC6384F91A3E827200632173 /* Resources */ = {
			isa = PBXResourcesBuildPhase;
			buildActionMask = 2147483647;
			files = (
				AC63850F1A3E827200632173 /* Images.xcassets in Resources */,
			);
			runOnlyForDeploymentPostprocessing = 0;
		};
		AC6385151A3E827200632173 /* Resources */ = {
			isa = PBXResourcesBuildPhase;
			buildActionMask = 2147483647;
			files = (
			);
			runOnlyForDeploymentPostprocessing = 0;
		};
/* End PBXResourcesBuildPhase section */

/* Begin PBXSourcesBuildPhase section */
		AC6384F71A3E827200632173 /* Sources */ = {
			isa = PBXSourcesBuildPhase;
			buildActionMask = 2147483647;
			files = (
				AC6385041A3E827200632173 /* AppDelegate.m in Sources */,
				AC6385011A3E827200632173 /* main.m in Sources */,
				AC6385291A3E9DB500632173 /* CalculatorViewController.m in Sources */,
			);
			runOnlyForDeploymentPostprocessing = 0;
		};
		AC6385131A3E827200632173 /* Sources */ = {
			isa = PBXSourcesBuildPhase;
			buildActionMask = 2147483647;
			files = (
				AC63851E1A3E827200632173 /* CalculatorTests.m in Sources */,
			);
			runOnlyForDeploymentPostprocessing = 0;
		};
/* End PBXSourcesBuildPhase section */

/* Begin PBXTargetDependency section */
		AC6385191A3E827200632173 /* PBXTargetDependency */ = {
			isa = PBXTargetDependency;
			target = AC6384FA1A3E827200632173 /* Calculator */;
			targetProxy = AC6385181A3E827200632173 /* PBXContainerItemProxy */;
		};
/* End PBXTargetDependency section */

/* Begin XCBuildConfiguration section */
		AC63851F1A3E827200632173 /* Debug */ = {
			isa = XCBuildConfiguration;
			buildSettings = {
				ALWAYS_SEARCH_USER_PATHS = NO;
				CLANG_CXX_LANGUAGE_STANDARD = "gnu++0x";
				CLANG_CXX_LIBRARY = "libc++";
				CLANG_ENABLE_MODULES = YES;
				CLANG_ENABLE_OBJC_ARC = YES;
				CLANG_WARN_BOOL_CONVERSION = YES;
				CLANG_WARN_CONSTANT_CONVERSION = YES;
				CLANG_WARN_DIRECT_OBJC_ISA_USAGE = YES_ERROR;
				CLANG_WARN_EMPTY_BODY = YES;
				CLANG_WARN_ENUM_CONVERSION = YES;
				CLANG_WARN_INT_CONVERSION = YES;
				CLANG_WARN_OBJC_ROOT_CLASS = YES_ERROR;
				CLANG_WARN_UNREACHABLE_CODE = YES;
				CLANG_WARN__DUPLICATE_METHOD_MATCH = YES;
				"CODE_SIGN_IDENTITY[sdk=iphoneos*]" = "iPhone Developer";
				COPY_PHASE_STRIP = NO;
				ENABLE_STRICT_OBJC_MSGSEND = YES;
				GCC_C_LANGUAGE_STANDARD = gnu99;
				GCC_DYNAMIC_NO_PIC = NO;
				GCC_OPTIMIZATION_LEVEL = 0;
				GCC_PREPROCESSOR_DEFINITIONS = (
					"DEBUG=1",
					"$(inherited)",
				);
				GCC_SYMBOLS_PRIVATE_EXTERN = NO;
				GCC_WARN_64_TO_32_BIT_CONVERSION = YES;
				GCC_WARN_ABOUT_RETURN_TYPE = YES_ERROR;
				GCC_WARN_UNDECLARED_SELECTOR = YES;
				GCC_WARN_UNINITIALIZED_AUTOS = YES_AGGRESSIVE;
				GCC_WARN_UNUSED_FUNCTION = YES;
				GCC_WARN_UNUSED_VARIABLE = YES;
				IPHONEOS_DEPLOYMENT_TARGET = 8.1;
				MTL_ENABLE_DEBUG_INFO = YES;
				ONLY_ACTIVE_ARCH = YES;
				SDKROOT = iphoneos;
			};
			name = Debug;
		};
		AC6385201A3E827200632173 /* Release */ = {
			isa = XCBuildConfiguration;
			buildSettings = {
				ALWAYS_SEARCH_USER_PATHS = NO;
				CLANG_CXX_LANGUAGE_STANDARD = "gnu++0x";
				CLANG_CXX_LIBRARY = "libc++";
				CLANG_ENABLE_MODULES = YES;
				CLANG_ENABLE_OBJC_ARC = YES;
				CLANG_WARN_BOOL_CONVERSION = YES;
				CLANG_WARN_CONSTANT_CONVERSION = YES;
				CLANG_WARN_DIRECT_OBJC_ISA_USAGE = YES_ERROR;
				CLANG_WARN_EMPTY_BODY = YES;
				CLANG_WARN_ENUM_CONVERSION = YES;
				CLANG_WARN_INT_CONVERSION = YES;
				CLANG_WARN_OBJC_ROOT_CLASS = YES_ERROR;
				CLANG_WARN_UNREACHABLE_CODE = YES;
				CLANG_WARN__DUPLICATE_METHOD_MATCH = YES;
				"CODE_SIGN_IDENTITY[sdk=iphoneos*]" = "iPhone Developer";
				COPY_PHASE_STRIP = YES;
				ENABLE_NS_ASSERTIONS = NO;
				ENABLE_STRICT_OBJC_MSGSEND = YES;
				GCC_C_LANGUAGE_STANDARD = gnu99;
				GCC_WARN_64_TO_32_BIT_CONVERSION = YES;
				GCC_WARN_ABOUT_RETURN_TYPE = YES_ERROR;
				GCC_WARN_UNDECLARED_SELECTOR = YES;
				GCC_WARN_UNINITIALIZED_AUTOS = YES_AGGRESSIVE;
				GCC_WARN_UNUSED_FUNCTION = YES;
				GCC_WARN_UNUSED_VARIABLE = YES;
				IPHONEOS_DEPLOYMENT_TARGET = 8.1;
				MTL_ENABLE_DEBUG_INFO = NO;
				SDKROOT = iphoneos;
				VALIDATE_PRODUCT = YES;
			};
			name = Release;
		};
		AC6385221A3E827200632173 /* Debug */ = {
			isa = XCBuildConfiguration;
			buildSettings = {
				ASSETCATALOG_COMPILER_APPICON_NAME = AppIcon;
				INFOPLIST_FILE = Calculator/Info.plist;
				LD_RUNPATH_SEARCH_PATHS = "$(inherited) @executable_path/Frameworks";
				PRODUCT_NAME = "$(TARGET_NAME)";
			};
			name = Debug;
		};
		AC6385231A3E827200632173 /* Release */ = {
			isa = XCBuildConfiguration;
			buildSettings = {
				ASSETCATALOG_COMPILER_APPICON_NAME = AppIcon;
				INFOPLIST_FILE = Calculator/Info.plist;
				LD_RUNPATH_SEARCH_PATHS = "$(inherited) @executable_path/Frameworks";
				PRODUCT_NAME = "$(TARGET_NAME)";
			};
			name = Release;
		};
		AC6385251A3E827200632173 /* Debug */ = {
			isa = XCBuildConfiguration;
			buildSettings = {
				BUNDLE_LOADER = "$(TEST_HOST)";
				FRAMEWORK_SEARCH_PATHS = (
					"$(SDKROOT)/Developer/Library/Frameworks",
					"$(inherited)",
				);
				GCC_PREPROCESSOR_DEFINITIONS = (
					"DEBUG=1",
					"$(inherited)",
				);
				INFOPLIST_FILE = CalculatorTests/Info.plist;
				LD_RUNPATH_SEARCH_PATHS = "$(inherited) @executable_path/Frameworks @loader_path/Frameworks";
				PRODUCT_NAME = "$(TARGET_NAME)";
				TEST_HOST = "$(BUILT_PRODUCTS_DIR)/Calculator.app/Calculator";
			};
			name = Debug;
		};
		AC6385261A3E827200632173 /* Release */ = {
			isa = XCBuildConfiguration;
			buildSettings = {
				BUNDLE_LOADER = "$(TEST_HOST)";
				FRAMEWORK_SEARCH_PATHS = (
					"$(SDKROOT)/Developer/Library/Frameworks",
					"$(inherited)",
				);
				INFOPLIST_FILE = CalculatorTests/Info.plist;
				LD_RUNPATH_SEARCH_PATHS = "$(inherited) @executable_path/Frameworks @loader_path/Frameworks";
				PRODUCT_NAME = "$(TARGET_NAME)";
				TEST_HOST = "$(BUILT_PRODUCTS_DIR)/Calculator.app/Calculator";
			};
			name = Release;
		};
/* End XCBuildConfiguration section */

/* Begin XCConfigurationList section */
		AC6384F61A3E827200632173 /* Build configuration list for PBXProject "Calculator" */ = {
			isa = XCConfigurationList;
			buildConfigurations = (
				AC63851F1A3E827200632173 /* Debug */,
				AC6385201A3E827200632173 /* Release */,
			);
			defaultConfigurationIsVisible = 0;
			defaultConfigurationName = Release;
		};
		AC6385211A3E827200632173 /* Build configuration list for PBXNativeTarget "Calculator" */ = {
			isa = XCConfigurationList;
			buildConfigurations = (
				AC6385221A3E827200632173 /* Debug */,
				AC6385231A3E827200632173 /* Release */,
			);
			defaultConfigurationIsVisible = 0;
			defaultConfigurationName = Release;
		};
		AC6385241A3E827200632173 /* Build configuration list for PBXNativeTarget "CalculatorTests" */ = {
			isa = XCConfigurationList;
			buildConfigurations = (
				AC6385251A3E827200632173 /* Debug */,
				AC6385261A3E827200632173 /* Release */,
			);
			defaultConfigurationIsVisible = 0;
			defaultConfigurationName = Release;
		};
/* End XCConfigurationList section */
	};
	rootObject = AC6384F31A3E827200632173 /* Project object */;
}
